PODS:
  - GTMSessionFetcher (3.5.0):
    - GTMSessionFetcher/Full (= 3.5.0)
  - GTMSessionFetcher/Core (3.5.0)
  - GTMSessionFetcher/Full (3.5.0):
    - GTMSessionFetcher/Core
  - WebChannel (0.1.0):
    - GTMSessionFetcher (~> 3.0)

DEPENDENCIES:
  - WebChannel (from `../../`)

SPEC REPOS:
  trunk:
    - GTMSessionFetcher

EXTERNAL SOURCES:
  WebChannel:
    :path: "../../"

SPEC CHECKSUMS:
  GTMSessionFetcher: 5aea5ba6bd522a239e236100971f10cb71b96ab6
  WebChannel: 164c3dfcf3423a2c0b6bf80d360beb3441e14530

PODFILE CHECKSUM: 213073629b9297b059523d62c5b4001969f790ad

COCOAPODS: 1.17.0
