// !$*UTF8*$!
{
	archiveVersion = 1;
	classes = {
	};
	objectVersion = 46;
	objects = {

/* Begin PBXBuildFile section */
		350F1034A24EB925ED6BC9C5 /* WebChanneliOSDemoApp.swift in Sources */ = {isa = PBXBuildFile; fileRef = 3EE251467C72995B654A474E /* WebChanneliOSDemoApp.swift */; };
		4D13900A0C3CFB034605E37C /* Assets.xcassets in Resources */ = {isa = PBXBuildFile; fileRef = 152BAEFBEDE86A570BB66C15 /* Assets.xcassets */; };
		54AF74B2FA82056F09F0C184 /* Foundation.framework in Frameworks */ = {isa = PBXBuildFile; fileRef = BEC0C1A2DACAAC1EC337F51F /* Foundation.framework */; };
		6BE6FC6ED6078BAEEF76CE53 /* ContentView.swift in Sources */ = {isa = PBXBuildFile; fileRef = CA8BA83BFCA5B09671ED4615 /* ContentView.swift */; };
		CAE8F0BC62E7345DFDFFD10C /* WebChannelManager.swift in Sources */ = {isa = PBXBuildFile; fileRef = CCF6BFE38B706AA871BDAFBD /* WebChannelManager.swift */; };
		F7D524E09A6A99260F2BBE90 /* Pods_WebChanneliOSDemo.framework in Frameworks */ = {isa = PBXBuildFile; fileRef = 0F5C62F6A743A23D4146F43D /* Pods_WebChanneliOSDemo.framework */; };
/* End PBXBuildFile section */

/* Begin PBXFileReference section */
		0F5C62F6A743A23D4146F43D /* Pods_WebChanneliOSDemo.framework */ = {isa = PBXFileReference; explicitFileType = wrapper.framework; includeInIndex = 0; path = Pods_WebChanneliOSDemo.framework; sourceTree = BUILT_PRODUCTS_DIR; };
		152BAEFBEDE86A570BB66C15 /* Assets.xcassets */ = {isa = PBXFileReference; includeInIndex = 1; lastKnownFileType = folder.assetcatalog; path = Assets.xcassets; sourceTree = "<group>"; };
		3C1B2B6B8C0C35ABC74DCC1D /* Pods-WebChanneliOSDemo.debug.xcconfig */ = {isa = PBXFileReference; includeInIndex = 1; lastKnownFileType = text.xcconfig; name = "Pods-WebChanneliOSDemo.debug.xcconfig"; path = "Target Support Files/Pods-WebChanneliOSDemo/Pods-WebChanneliOSDemo.debug.xcconfig"; sourceTree = "<group>"; };
		3EE251467C72995B654A474E /* WebChanneliOSDemoApp.swift */ = {isa = PBXFileReference; includeInIndex = 1; lastKnownFileType = sourcecode.swift; path = WebChanneliOSDemoApp.swift; sourceTree = "<group>"; };
		BEC0C1A2DACAAC1EC337F51F /* Foundation.framework */ = {isa = PBXFileReference; lastKnownFileType = wrapper.framework; name = Foundation.framework; path = Platforms/iPhoneOS.platform/Developer/SDKs/iPhoneOS26.0.sdk/System/Library/Frameworks/Foundation.framework; sourceTree = DEVELOPER_DIR; };
		CA8BA83BFCA5B09671ED4615 /* ContentView.swift */ = {isa = PBXFileReference; includeInIndex = 1; lastKnownFileType = sourcecode.swift; path = ContentView.swift; sourceTree = "<group>"; };
		CCF6BFE38B706AA871BDAFBD /* WebChannelManager.swift */ = {isa = PBXFileReference; includeInIndex = 1; lastKnownFileType = sourcecode.swift; path = WebChannelManager.swift; sourceTree = "<group>"; };
		E39C53259617AC0BF5841CFF /* WebChanneliOSDemo.app */ = {isa = PBXFileReference; explicitFileType = wrapper.application; includeInIndex = 0; path = WebChanneliOSDemo.app; sourceTree = BUILT_PRODUCTS_DIR; };
		EE7F815AF2CE2AE34F5606B0 /* Info.plist */ = {isa = PBXFileReference; includeInIndex = 1; lastKnownFileType = text.plist.xml; path = Info.plist; sourceTree = "<group>"; };
		FA296C5D758F687FB578D0C2 /* Pods-WebChanneliOSDemo.release.xcconfig */ = {isa = PBXFileReference; includeInIndex = 1; lastKnownFileType = text.xcconfig; name = "Pods-WebChanneliOSDemo.release.xcconfig"; path = "Target Support Files/Pods-WebChanneliOSDemo/Pods-WebChanneliOSDemo.release.xcconfig"; sourceTree = "<group>"; };
/* End PBXFileReference section */

/* Begin PBXFrameworksBuildPhase section */
		B5679DECB3B21D906A4ACB61 /* Frameworks */ = {
			isa = PBXFrameworksBuildPhase;
			buildActionMask = 2147483647;
			files = (
				54AF74B2FA82056F09F0C184 /* Foundation.framework in Frameworks */,
				F7D524E09A6A99260F2BBE90 /* Pods_WebChanneliOSDemo.framework in Frameworks */,
			);
			runOnlyForDeploymentPostprocessing = 0;
		};
/* End PBXFrameworksBuildPhase section */

/* Begin PBXGroup section */
		068E20DCC5AD7477709B3425 /* WebChanneliOSDemo */ = {
			isa = PBXGroup;
			children = (
				3EE251467C72995B654A474E /* WebChanneliOSDemoApp.swift */,
				CA8BA83BFCA5B09671ED4615 /* ContentView.swift */,
				CCF6BFE38B706AA871BDAFBD /* WebChannelManager.swift */,
				EE7F815AF2CE2AE34F5606B0 /* Info.plist */,
				152BAEFBEDE86A570BB66C15 /* Assets.xcassets */,
			);
			path = WebChanneliOSDemo;
			sourceTree = "<group>";
		};
		13044A65B4FA152ADDD94B44 /* Pods */ = {
			isa = PBXGroup;
			children = (
				FA296C5D758F687FB578D0C2 /* Pods-WebChanneliOSDemo.release.xcconfig */,
				3C1B2B6B8C0C35ABC74DCC1D /* Pods-WebChanneliOSDemo.debug.xcconfig */,
			);
			path = Pods;
			sourceTree = "<group>";
		};
		96F8E0C6D8E232D38E21D335 /* Frameworks */ = {
			isa = PBXGroup;
			children = (
				A0EB9448C2DB81450E9BBF62 /* iOS */,
				0F5C62F6A743A23D4146F43D /* Pods_WebChanneliOSDemo.framework */,
			);
			name = Frameworks;
			sourceTree = "<group>";
		};
		A0EB9448C2DB81450E9BBF62 /* iOS */ = {
			isa = PBXGroup;
			children = (
				BEC0C1A2DACAAC1EC337F51F /* Foundation.framework */,
			);
			name = iOS;
			sourceTree = "<group>";
		};
		C0E55375BBC1199624A47923 = {
			isa = PBXGroup;
			children = (
				D3FE72E36CEB483EF0FFE2FA /* Products */,
				96F8E0C6D8E232D38E21D335 /* Frameworks */,
				068E20DCC5AD7477709B3425 /* WebChanneliOSDemo */,
				13044A65B4FA152ADDD94B44 /* Pods */,
			);
			sourceTree = "<group>";
		};
		D3FE72E36CEB483EF0FFE2FA /* Products */ = {
			isa = PBXGroup;
			children = (
				E39C53259617AC0BF5841CFF /* WebChanneliOSDemo.app */,
			);
			name = Products;
			sourceTree = "<group>";
		};
/* End PBXGroup section */

/* Begin PBXNativeTarget section */
		90F4F05C594D045BE7F4A230 /* WebChanneliOSDemo */ = {
			isa = PBXNativeTarget;
			buildConfigurationList = 7E64EE3EEA24BE3EA6E0FCCE /* Build configuration list for PBXNativeTarget "WebChanneliOSDemo" */;
			buildPhases = (
				06551C15A481F19CD12C6052 /* [CP] Check Pods Manifest.lock */,
				0076477C40DA5531C1880F61 /* Sources */,
				B5679DECB3B21D906A4ACB61 /* Frameworks */,
				700B07676421EEBF1D1078C0 /* Resources */,
				495A877D44EF55DEC1E62751 /* [CP] Embed Pods Frameworks */,
			);
			buildRules = (
			);
			dependencies = (
			);
			name = WebChanneliOSDemo;
			productName = WebChanneliOSDemo;
			productReference = E39C53259617AC0BF5841CFF /* WebChanneliOSDemo.app */;
			productType = "com.apple.product-type.application";
		};
/* End PBXNativeTarget section */

/* Begin PBXProject section */
		05D2FFD8713AD153A1F7689D /* Project object */ = {
			isa = PBXProject;
			attributes = {
				LastSwiftUpdateCheck = 1600;
				LastUpgradeCheck = 1600;
				TargetAttributes = {
					90F4F05C594D045BE7F4A230 = {
						DevelopmentTeam = 2F5DCJ87UC;
						ProvisioningStyle = Automatic;
					};
				};
			};
			buildConfigurationList = FB270945BA9C048B14188AD4 /* Build configuration list for PBXProject "WebChanneliOSDemo" */;
			compatibilityVersion = "Xcode 3.2";
			developmentRegion = en;
			hasScannedForEncodings = 0;
			knownRegions = (
				en,
				Base,
			);
			mainGroup = C0E55375BBC1199624A47923;
			productRefGroup = D3FE72E36CEB483EF0FFE2FA /* Products */;
			projectDirPath = "";
			projectRoot = "";
			targets = (
				90F4F05C594D045BE7F4A230 /* WebChanneliOSDemo */,
			);
		};
/* End PBXProject section */

/* Begin PBXResourcesBuildPhase section */
		700B07676421EEBF1D1078C0 /* Resources */ = {
			isa = PBXResourcesBuildPhase;
			buildActionMask = 2147483647;
			files = (
				4D13900A0C3CFB034605E37C /* Assets.xcassets in Resources */,
			);
			runOnlyForDeploymentPostprocessing = 0;
		};
/* End PBXResourcesBuildPhase section */

/* Begin PBXShellScriptBuildPhase section */
		06551C15A481F19CD12C6052 /* [CP] Check Pods Manifest.lock */ = {
			isa = PBXShellScriptBuildPhase;
			buildActionMask = 2147483647;
			files = (
			);
			inputFileListPaths = (
			);
			inputPaths = (
				"${PODS_PODFILE_DIR_PATH}/Podfile.lock",
				"${PODS_ROOT}/Manifest.lock",
			);
			name = "[CP] Check Pods Manifest.lock";
			outputFileListPaths = (
			);
			outputPaths = (
				"$(DERIVED_FILE_DIR)/Pods-WebChanneliOSDemo-checkManifestLockResult.txt",
			);
			runOnlyForDeploymentPostprocessing = 0;
			shellPath = /bin/sh;
			shellScript = "diff \"${PODS_PODFILE_DIR_PATH}/Podfile.lock\" \"${PODS_ROOT}/Manifest.lock\" > /dev/null\nif [ $? != 0 ] ; then\n    # print error to STDERR\n    echo \"error: The sandbox is not in sync with the Podfile.lock. Run 'pod install' or update your CocoaPods installation.\" >&2\n    exit 1\nfi\n# This output is used by Xcode 'outputs' to avoid re-running this script phase.\necho \"SUCCESS\" > \"${SCRIPT_OUTPUT_FILE_0}\"\n";
			showEnvVarsInLog = 0;
		};
		495A877D44EF55DEC1E62751 /* [CP] Embed Pods Frameworks */ = {
			isa = PBXShellScriptBuildPhase;
			buildActionMask = 2147483647;
			files = (
			);
			inputPaths = (
				"${PODS_ROOT}/Target Support Files/Pods-WebChanneliOSDemo/Pods-WebChanneliOSDemo-frameworks.sh",
				"${BUILT_PRODUCTS_DIR}/GTMSessionFetcher/GTMSessionFetcher.framework",
				"${BUILT_PRODUCTS_DIR}/WebChannel/WebChannel.framework",
			);
			name = "[CP] Embed Pods Frameworks";
			outputPaths = (
				"${TARGET_BUILD_DIR}/${FRAMEWORKS_FOLDER_PATH}/GTMSessionFetcher.framework",
				"${TARGET_BUILD_DIR}/${FRAMEWORKS_FOLDER_PATH}/WebChannel.framework",
			);
			runOnlyForDeploymentPostprocessing = 0;
			shellPath = /bin/sh;
			shellScript = "\"${PODS_ROOT}/Target Support Files/Pods-WebChanneliOSDemo/Pods-WebChanneliOSDemo-frameworks.sh\"\n";
			showEnvVarsInLog = 0;
		};
/* End PBXShellScriptBuildPhase section */

/* Begin PBXSourcesBuildPhase section */
		0076477C40DA5531C1880F61 /* Sources */ = {
			isa = PBXSourcesBuildPhase;
			buildActionMask = 2147483647;
			files = (
				350F1034A24EB925ED6BC9C5 /* WebChanneliOSDemoApp.swift in Sources */,
				6BE6FC6ED6078BAEEF76CE53 /* ContentView.swift in Sources */,
				CAE8F0BC62E7345DFDFFD10C /* WebChannelManager.swift in Sources */,
			);
			runOnlyForDeploymentPostprocessing = 0;
		};
/* End PBXSourcesBuildPhase section */

/* Begin XCBuildConfiguration section */
		3AB8742EAC2ED90E42D7A5AC /* Debug */ = {
			isa = XCBuildConfiguration;
			buildSettings = {
				ALWAYS_SEARCH_USER_PATHS = NO;
				CLANG_ANALYZER_NONNULL = YES;
				CLANG_ANALYZER_NUMBER_OBJECT_CONVERSION = YES_AGGRESSIVE;
				CLANG_CXX_LANGUAGE_STANDARD = "gnu++14";
				CLANG_CXX_LIBRARY = "libc++";
				CLANG_ENABLE_MODULES = YES;
				CLANG_ENABLE_OBJC_ARC = YES;
				CLANG_ENABLE_OBJC_WEAK = YES;
				CLANG_WARN_BLOCK_CAPTURE_AUTORELEASING = YES;
				CLANG_WARN_BOOL_CONVERSION = YES;
				CLANG_WARN_COMMA = YES;
				CLANG_WARN_CONSTANT_CONVERSION = YES;
				CLANG_WARN_DEPRECATED_OBJC_IMPLEMENTATIONS = YES;
				CLANG_WARN_DIRECT_OBJC_ISA_USAGE = YES_ERROR;
				CLANG_WARN_DOCUMENTATION_COMMENTS = YES;
				CLANG_WARN_EMPTY_BODY = YES;
				CLANG_WARN_ENUM_CONVERSION = YES;
				CLANG_WARN_INFINITE_RECURSION = YES;
				CLANG_WARN_INT_CONVERSION = YES;
				CLANG_WARN_NON_LITERAL_NULL_CONVERSION = YES;
				CLANG_WARN_OBJC_IMPLICIT_RETAIN_SELF = YES;
				CLANG_WARN_OBJC_LITERAL_CONVERSION = YES;
				CLANG_WARN_OBJC_ROOT_CLASS = YES_ERROR;
				CLANG_WARN_QUOTED_INCLUDE_IN_FRAMEWORK_HEADER = YES;
				CLANG_WARN_RANGE_LOOP_ANALYSIS = YES;
				CLANG_WARN_STRICT_PROTOTYPES = YES;
				CLANG_WARN_SUSPICIOUS_MOVE = YES;
				CLANG_WARN_UNGUARDED_AVAILABILITY = YES_AGGRESSIVE;
				CLANG_WARN_UNREACHABLE_CODE = YES;
				CLANG_WARN__DUPLICATE_METHOD_MATCH = YES;
				COPY_PHASE_STRIP = NO;
				DEBUG_INFORMATION_FORMAT = dwarf;
				ENABLE_STRICT_OBJC_MSGSEND = YES;
				ENABLE_TESTABILITY = YES;
				GCC_C_LANGUAGE_STANDARD = gnu11;
				GCC_DYNAMIC_NO_PIC = NO;
				GCC_NO_COMMON_BLOCKS = YES;
				GCC_OPTIMIZATION_LEVEL = 0;
				GCC_PREPROCESSOR_DEFINITIONS = (
					"DEBUG=1",
					"$(inherited)",
				);
				GCC_WARN_64_TO_32_BIT_CONVERSION = YES;
				GCC_WARN_ABOUT_RETURN_TYPE = YES_ERROR;
				GCC_WARN_UNDECLARED_SELECTOR = YES;
				GCC_WARN_UNINITIALIZED_AUTOS = YES_AGGRESSIVE;
				GCC_WARN_UNUSED_FUNCTION = YES;
				GCC_WARN_UNUSED_VARIABLE = YES;
				MTL_ENABLE_DEBUG_INFO = INCLUDE_SOURCE;
				MTL_FAST_MATH = YES;
				ONLY_ACTIVE_ARCH = YES;
				PRODUCT_NAME = "$(TARGET_NAME)";
				SWIFT_ACTIVE_COMPILATION_CONDITIONS = DEBUG;
				SWIFT_OPTIMIZATION_LEVEL = "-Onone";
				SWIFT_VERSION = 5.0;
			};
			name = Debug;
		};
		6B52942223B41AD37F31E868 /* Release */ = {
			isa = XCBuildConfiguration;
			baseConfigurationReference = FA296C5D758F687FB578D0C2 /* Pods-WebChanneliOSDemo.release.xcconfig */;
			buildSettings = {
				ALWAYS_EMBED_SWIFT_STANDARD_LIBRARIES = YES;
				ASSETCATALOG_COMPILER_APPICON_NAME = AppIcon;
				ASSETCATALOG_COMPILER_GLOBAL_ACCENT_COLOR_NAME = AccentColor;
				CLANG_ENABLE_OBJC_WEAK = NO;
				CODE_SIGN_STYLE = Automatic;
				DEFINES_MODULE = YES;
				DEVELOPMENT_TEAM = 2F5DCJ87UC;
				ENABLE_PREVIEWS = YES;
				INFOPLIST_FILE = WebChanneliOSDemo/Info.plist;
				IPHONEOS_DEPLOYMENT_TARGET = 15.0;
				LD_RUNPATH_SEARCH_PATHS = "$(inherited) @executable_path/Frameworks";
				PRODUCT_BUNDLE_IDENTIFIER = com.pmodular.webchannel.demo;
				PRODUCT_NAME = "$(TARGET_NAME)";
				SDKROOT = iphoneos;
				SWIFT_VERSION = 5.0;
				TARGETED_DEVICE_FAMILY = "1,2";
				VALIDATE_PRODUCT = YES;
			};
			name = Release;
		};
		A75F39960D902635CABA8C9B /* Release */ = {
			isa = XCBuildConfiguration;
			buildSettings = {
				ALWAYS_SEARCH_USER_PATHS = NO;
				CLANG_ANALYZER_NONNULL = YES;
				CLANG_ANALYZER_NUMBER_OBJECT_CONVERSION = YES_AGGRESSIVE;
				CLANG_CXX_LANGUAGE_STANDARD = "gnu++14";
				CLANG_CXX_LIBRARY = "libc++";
				CLANG_ENABLE_MODULES = YES;
				CLANG_ENABLE_OBJC_ARC = YES;
				CLANG_ENABLE_OBJC_WEAK = YES;
				CLANG_WARN_BLOCK_CAPTURE_AUTORELEASING = YES;
				CLANG_WARN_BOOL_CONVERSION = YES;
				CLANG_WARN_COMMA = YES;
				CLANG_WARN_CONSTANT_CONVERSION = YES;
				CLANG_WARN_DEPRECATED_OBJC_IMPLEMENTATIONS = YES;
				CLANG_WARN_DIRECT_OBJC_ISA_USAGE = YES_ERROR;
				CLANG_WARN_DOCUMENTATION_COMMENTS = YES;
				CLANG_WARN_EMPTY_BODY = YES;
				CLANG_WARN_ENUM_CONVERSION = YES;
				CLANG_WARN_INFINITE_RECURSION = YES;
				CLANG_WARN_INT_CONVERSION = YES;
				CLANG_WARN_NON_LITERAL_NULL_CONVERSION = YES;
				CLANG_WARN_OBJC_IMPLICIT_RETAIN_SELF = YES;
				CLANG_WARN_OBJC_LITERAL_CONVERSION = YES;
				CLANG_WARN_OBJC_ROOT_CLASS = YES_ERROR;
				CLANG_WARN_QUOTED_INCLUDE_IN_FRAMEWORK_HEADER = YES;
				CLANG_WARN_RANGE_LOOP_ANALYSIS = YES;
				CLANG_WARN_STRICT_PROTOTYPES = YES;
				CLANG_WARN_SUSPICIOUS_MOVE = YES;
				CLANG_WARN_UNGUARDED_AVAILABILITY = YES_AGGRESSIVE;
				CLANG_WARN_UNREACHABLE_CODE = YES;
				CLANG_WARN__DUPLICATE_METHOD_MATCH = YES;
				COPY_PHASE_STRIP = NO;
				DEBUG_INFORMATION_FORMAT = "dwarf-with-dsym";
				ENABLE_NS_ASSERTIONS = NO;
				ENABLE_STRICT_OBJC_MSGSEND = YES;
				GCC_C_LANGUAGE_STANDARD = gnu11;
				GCC_NO_COMMON_BLOCKS = YES;
				GCC_WARN_64_TO_32_BIT_CONVERSION = YES;
				GCC_WARN_ABOUT_RETURN_TYPE = YES_ERROR;
				GCC_WARN_UNDECLARED_SELECTOR = YES;
				GCC_WARN_UNINITIALIZED_AUTOS = YES_AGGRESSIVE;
				GCC_WARN_UNUSED_FUNCTION = YES;
				GCC_WARN_UNUSED_VARIABLE = YES;
				MTL_ENABLE_DEBUG_INFO = NO;
				MTL_FAST_MATH = YES;
				PRODUCT_NAME = "$(TARGET_NAME)";
				SWIFT_OPTIMIZATION_LEVEL = "-Owholemodule";
				SWIFT_VERSION = 5.0;
			};
			name = Release;
		};
		F39B04C3C076E28FCA113A39 /* Debug */ = {
			isa = XCBuildConfiguration;
			baseConfigurationReference = 3C1B2B6B8C0C35ABC74DCC1D /* Pods-WebChanneliOSDemo.debug.xcconfig */;
			buildSettings = {
				ALWAYS_EMBED_SWIFT_STANDARD_LIBRARIES = YES;
				ASSETCATALOG_COMPILER_APPICON_NAME = AppIcon;
				ASSETCATALOG_COMPILER_GLOBAL_ACCENT_COLOR_NAME = AccentColor;
				CLANG_ENABLE_OBJC_WEAK = NO;
				CODE_SIGN_STYLE = Automatic;
				DEFINES_MODULE = YES;
				DEVELOPMENT_TEAM = 2F5DCJ87UC;
				ENABLE_PREVIEWS = YES;
				INFOPLIST_FILE = WebChanneliOSDemo/Info.plist;
				IPHONEOS_DEPLOYMENT_TARGET = 15.0;
				LD_RUNPATH_SEARCH_PATHS = "$(inherited) @executable_path/Frameworks";
				PRODUCT_BUNDLE_IDENTIFIER = com.pmodular.webchannel.demo;
				PRODUCT_NAME = "$(TARGET_NAME)";
				SDKROOT = iphoneos;
				SWIFT_VERSION = 5.0;
				TARGETED_DEVICE_FAMILY = "1,2";
			};
			name = Debug;
		};
/* End XCBuildConfiguration section */

/* Begin XCConfigurationList section */
		7E64EE3EEA24BE3EA6E0FCCE /* Build configuration list for PBXNativeTarget "WebChanneliOSDemo" */ = {
			isa = XCConfigurationList;
			buildConfigurations = (
				6B52942223B41AD37F31E868 /* Release */,
				F39B04C3C076E28FCA113A39 /* Debug */,
			);
			defaultConfigurationIsVisible = 0;
			defaultConfigurationName = Release;
		};
		FB270945BA9C048B14188AD4 /* Build configuration list for PBXProject "WebChanneliOSDemo" */ = {
			isa = XCConfigurationList;
			buildConfigurations = (
				3AB8742EAC2ED90E42D7A5AC /* Debug */,
				A75F39960D902635CABA8C9B /* Release */,
			);
			defaultConfigurationIsVisible = 0;
			defaultConfigurationName = Release;
		};
/* End XCConfigurationList section */
	};
	rootObject = 05D2FFD8713AD153A1F7689D /* Project object */;
}
